
Microsoft Visual Studio Solution File, Format Version 12.00
# Visual Studio Version 16
VisualStudioVersion = 16.0.31005.135
MinimumVisualStudioVersion = 10.0.40219.1
Project("{FAE04EC0-301F-11D3-BF4B-00C04F79EFBC}") = "AP-Projet-POO", "AP-Projet-POO\AP-Projet-POO.csproj", "{588E26E8-5131-4F0D-BACC-7CFE0FB42A30}"
EndProject
Global
	GlobalSection(SolutionConfigurationPlatforms) = preSolution
		Debug|Any CPU = Debug|Any CPU
		Release|Any CPU = Release|Any CPU
	EndGlobalSection
	GlobalSection(ProjectConfigurationPlatforms) = postSolution
		{588E26E8-5131-4F0D-BACC-7CFE0FB42A30}.Debug|Any CPU.ActiveCfg = Debug|Any CPU
		{588E26E8-5131-4F0D-BACC-7CFE0FB42A30}.Debug|Any CPU.Build.0 = Debug|Any CPU
		{588E26E8-5131-4F0D-BACC-7CFE0FB42A30}.Release|Any CPU.ActiveCfg = Release|Any CPU
		{588E26E8-5131-4F0D-BACC-7CFE0FB42A30}.Release|Any CPU.Build.0 = Release|Any CPU
	EndGlobalSection
	GlobalSection(SolutionProperties) = preSolution
		HideSolutionNode = FALSE
	EndGlobalSection
	GlobalSection(ExtensibilityGlobals) = postSolution
		SolutionGuid = {2AAFFF86-1205-44E5-A483-DAE60BEBC586}
	EndGlobalSection
EndGlobal
